<?xml version="1.0" encoding="Windows-1252"?>
<Project ToolsVersion="12.0" xmlns="http://schemas.microsoft.com/developer/msbuild/2003">
  <ItemGroup>
    <Filter Include="Core">
      <UniqueIdentifier>{aefe52c5-5e5d-4b3c-907c-9135ea69ff52}</UniqueIdentifier>
    </Filter>
    <Filter Include="Editor">
      <UniqueIdentifier>{852fa7b2-2495-4c9e-a86d-6179221f664a}</UniqueIdentifier>
    </Filter>
    <Filter Include="Game">
      <UniqueIdentifier>{25e846e1-383e-45f1-ba67-2cabaee29e55}</UniqueIdentifier>
    </Filter>
    <Filter Include="GUI">
      <UniqueIdentifier>{9861c149-92c0-4a12-97f7-a91535dc54bc}</UniqueIdentifier>
    </Filter>
    <Filter Include="src">
      <UniqueIdentifier>{b058d452-c8aa-497f-b9b5-3af7f008806d}</UniqueIdentifier>
    </Filter>
    <Filter Include="Game\Logic">
      <UniqueIdentifier>{6e6c5bff-a767-4771-9d86-3fdddb722a1b}</UniqueIdentifier>
    </Filter>
    <Filter Include="Game\Objects">
      <UniqueIdentifier>{4b3d6648-6863-4bd9-921e-0d5a51257e09}</UniqueIdentifier>
    </Filter>
    <Filter Include="GUI\Elements">
      <UniqueIdentifier>{9fa16773-12d3-4bbe-9eee-3304675445b3}</UniqueIdentifier>
    </Filter>
    <Filter Include="GUI\Logic">
      <UniqueIdentifier>{613f17d7-b447-44ed-a03d-d85e3c4dd4c4}</UniqueIdentifier>
    </Filter>
    <Filter Include="GUI\Menu">
      <UniqueIdentifier>{d59d81ce-e79a-4ceb-97b2-8ee04f28064d}</UniqueIdentifier>
    </Filter>
    <Filter Include="GUI\GuiEditor">
      <UniqueIdentifier>{68b3d7bd-e4e3-495b-8196-ae51b4c67593}</UniqueIdentifier>
    </Filter>
    <Filter Include="GUI\GuiGame">
      <UniqueIdentifier>{6e57eb6d-acd4-4580-b878-0bc53db797e0}</UniqueIdentifier>
    </Filter>
    <Filter Include="Graphics">
      <UniqueIdentifier>{8ceb9ef6-a411-44c2-a209-a4782c289b58}</UniqueIdentifier>
    </Filter>
    <Filter Include="Graphics\Objects">
      <UniqueIdentifier>{4dabc02e-8c79-4e84-a0c9-ab30752f19f9}</UniqueIdentifier>
    </Filter>
    <Filter Include="Game\Path">
      <UniqueIdentifier>{d95f9b66-18c2-4dec-88bd-11fee010c993}</UniqueIdentifier>
    </Filter>
    <Filter Include="Game\Objects\Weapon">
      <UniqueIdentifier>{a0fa9639-ca9d-4189-9139-5a6018bebd9e}</UniqueIdentifier>
    </Filter>
    <Filter Include="Game\Objects\Units">
      <UniqueIdentifier>{ded62c8b-f8d0-4423-9aa6-cdc2ea58c406}</UniqueIdentifier>
    </Filter>
    <Filter Include="Game\Objects\Buildings">
      <UniqueIdentifier>{c2c10123-8550-48df-93ab-3d39c62fc0da}</UniqueIdentifier>
    </Filter>
    <Filter Include="Game\Objects\Units\Tank">
      <UniqueIdentifier>{263b193a-40aa-44b1-a2e4-52679ac1790c}</UniqueIdentifier>
    </Filter>
    <Filter Include="Game\Objects\Weapon\RocketLauncer">
      <UniqueIdentifier>{fcd0f500-62d1-4d44-b54c-e1cbb28b4313}</UniqueIdentifier>
    </Filter>
  </ItemGroup>
  <ItemGroup>
    <ClCompile Include="src\Core\Camera.cpp">
      <Filter>Core</Filter>
    </ClCompile>
    <ClCompile Include="src\Core\Log.cpp">
      <Filter>Core</Filter>
    </ClCompile>
    <ClCompile Include="src\Core\Math.cpp">
      <Filter>Core</Filter>
    </ClCompile>
    <ClCompile Include="src\Editor\Editor.cpp">
      <Filter>Editor</Filter>
    </ClCompile>
    <ClCompile Include="src\Game\Logic\Movinator.cpp">
      <Filter>Game\Logic</Filter>
    </ClCompile>
    <ClCompile Include="src\Game\Logic\Rotator.cpp">
      <Filter>Game\Logic</Filter>
    </ClCompile>
    <ClCompile Include="src\Game\Level.cpp">
      <Filter>Game</Filter>
    </ClCompile>
    <ClCompile Include="src\GUI\Elements\Cursor.cpp">
      <Filter>GUI\Elements</Filter>
    </ClCompile>
    <ClCompile Include="src\GUI\Elements\CursorShapes.cpp">
      <Filter>GUI\Elements</Filter>
    </ClCompile>
    <ClCompile Include="src\GUI\Elements\DropDownListWithTextAndButton.cpp">
      <Filter>GUI\Elements</Filter>
    </ClCompile>
    <ClCompile Include="src\GUI\Elements\GovernorFloat.cpp">
      <Filter>GUI\Elements</Filter>
    </ClCompile>
    <ClCompile Include="src\GUI\Elements\Image.cpp">
      <Filter>GUI\Elements</Filter>
    </ClCompile>
    <ClCompile Include="src\GUI\Elements\Label.cpp">
      <Filter>GUI\Elements</Filter>
    </ClCompile>
    <ClCompile Include="src\GUI\Elements\Slider.cpp">
      <Filter>GUI\Elements</Filter>
    </ClCompile>
    <ClCompile Include="src\GUI\Elements\SliderInt.cpp">
      <Filter>GUI\Elements</Filter>
    </ClCompile>
    <ClCompile Include="src\GUI\Elements\SliderWithTextAndButtons.cpp">
      <Filter>GUI\Elements</Filter>
    </ClCompile>
    <ClCompile Include="src\GUI\Elements\Window.cpp">
      <Filter>GUI\Elements</Filter>
    </ClCompile>
    <ClCompile Include="src\GUI\Logic\LineTranslator1D.cpp">
      <Filter>GUI\Logic</Filter>
    </ClCompile>
    <ClCompile Include="src\GUI\Logic\LineTranslator2D.cpp">
      <Filter>GUI\Logic</Filter>
    </ClCompile>
    <ClCompile Include="src\GUI\Menu\Console.cpp">
      <Filter>GUI\Menu</Filter>
    </ClCompile>
    <ClCompile Include="src\GUI\Menu\ConsoleParser.cpp">
      <Filter>GUI\Menu</Filter>
    </ClCompile>
    <ClCompile Include="src\GUI\Menu\MenuMain.cpp">
      <Filter>GUI\Menu</Filter>
    </ClCompile>
    <ClCompile Include="src\GUI\Menu\MenuOptions.cpp">
      <Filter>GUI\Menu</Filter>
    </ClCompile>
    <ClCompile Include="src\GUI\Menu\WindowVariables.cpp">
      <Filter>GUI\Menu</Filter>
    </ClCompile>
    <ClCompile Include="src\GUI\GUI.cpp">
      <Filter>GUI</Filter>
    </ClCompile>
    <ClCompile Include="src\GlobalVars.cpp">
      <Filter>src</Filter>
    </ClCompile>
    <ClCompile Include="src\Settings.cpp">
      <Filter>src</Filter>
    </ClCompile>
    <ClCompile Include="src\SettingsTypes.cpp">
      <Filter>src</Filter>
    </ClCompile>
    <ClCompile Include="src\stdafx.cpp">
      <Filter>src</Filter>
    </ClCompile>
    <ClCompile Include="src\TacticsVictory.cpp">
      <Filter>src</Filter>
    </ClCompile>
    <ClCompile Include="src\TacticsVictoryHandlers.cpp">
      <Filter>src</Filter>
    </ClCompile>
    <ClCompile Include="src\GUI\Menu\PanelBottom.cpp">
      <Filter>GUI\Menu</Filter>
    </ClCompile>
    <ClCompile Include="src\GUI\Menu\PanelMain.cpp">
      <Filter>GUI\Menu</Filter>
    </ClCompile>
    <ClCompile Include="src\GUI\Menu\PanelMap.cpp">
      <Filter>GUI\Menu</Filter>
    </ClCompile>
    <ClCompile Include="src\Game\Objects\Terrain.cpp">
      <Filter>Game\Objects</Filter>
    </ClCompile>
    <ClCompile Include="src\GUI\Elements\ButtonToggled.cpp">
      <Filter>GUI\Elements</Filter>
    </ClCompile>
    <ClCompile Include="src\GUI\Elements\Tab.cpp">
      <Filter>GUI\Elements</Filter>
    </ClCompile>
    <ClCompile Include="src\GUI\GuiEditor\GuiEditor.cpp">
      <Filter>GUI\GuiEditor</Filter>
    </ClCompile>
    <ClCompile Include="src\GUI\GuiGame\GuiGame.cpp">
      <Filter>GUI\GuiGame</Filter>
    </ClCompile>
    <ClCompile Include="src\GUI\Elements\Hint.cpp">
      <Filter>GUI\Elements</Filter>
    </ClCompile>
    <ClCompile Include="src\GlobalFunctions.cpp">
      <Filter>src</Filter>
    </ClCompile>
    <ClCompile Include="src\GUI\Menu\WindowConfirmExit.cpp">
      <Filter>GUI\Menu</Filter>
    </ClCompile>
    <ClCompile Include="src\Game\Objects\TerrainSegment.cpp">
      <Filter>Game\Objects</Filter>
    </ClCompile>
    <ClCompile Include="src\Graphics\Objects\Line.cpp">
      <Filter>Graphics\Objects</Filter>
    </ClCompile>
    <ClCompile Include="src\Graphics\Objects\Plane.cpp">
      <Filter>Graphics\Objects</Filter>
    </ClCompile>
    <ClCompile Include="src\Graphics\Objects\Triangle.cpp">
      <Filter>Graphics\Objects</Filter>
    </ClCompile>
    <ClCompile Include="src\GUI\Elements\ButtonSwitch.cpp">
      <Filter>GUI\Elements</Filter>
    </ClCompile>
    <ClCompile Include="src\Game\Scene.cpp">
      <Filter>Game</Filter>
    </ClCompile>
    <ClCompile Include="src\Game\Path\TilePath.cpp">
      <Filter>Game\Path</Filter>
    </ClCompile>
    <ClCompile Include="src\GUI\Elements\ButtonMain.cpp">
      <Filter>GUI\Elements</Filter>
    </ClCompile>
    <ClCompile Include="src\Game\Path\WaveAlgorithm.cpp">
      <Filter>Game\Path</Filter>
    </ClCompile>
    <ClCompile Include="src\Game\Path\PathIndicator.cpp">
      <Filter>Game\Path</Filter>
    </ClCompile>
    <ClCompile Include="src\Game\Objects\GameObject.cpp">
      <Filter>Game\Objects</Filter>
    </ClCompile>
    <ClCompile Include="src\Game\Objects\Units\Tank\Tank.cpp">
      <Filter>Game\Objects\Units\Tank</Filter>
    </ClCompile>
    <ClCompile Include="src\Game\Objects\Units\Tank\Translator.cpp">
      <Filter>Game\Objects\Units\Tank</Filter>
    </ClCompile>
    <ClCompile Include="src\Game\Objects\Weapon\RocketLauncher\RocketLauncher.cpp">
      <Filter>Game\Objects\Weapon\RocketLauncer</Filter>
    </ClCompile>
    <ClCompile Include="src\Game\Objects\Weapon\RocketLauncher\Rocket.cpp">
      <Filter>Game\Objects\Weapon\RocketLauncer</Filter>
    </ClCompile>
  </ItemGroup>
  <ItemGroup>
    <ClInclude Include="src\Core\Camera.h">
      <Filter>Core</Filter>
    </ClInclude>
    <ClInclude Include="src\Core\Log.h">
      <Filter>Core</Filter>
    </ClInclude>
    <ClInclude Include="src\Core\Math.h">
      <Filter>Core</Filter>
    </ClInclude>
    <ClInclude Include="src\Editor\Editor.h">
      <Filter>Editor</Filter>
    </ClInclude>
    <ClInclude Include="src\Game\Logic\Movinator.h">
      <Filter>Game\Logic</Filter>
    </ClInclude>
    <ClInclude Include="src\Game\Logic\Rotator.h">
      <Filter>Game\Logic</Filter>
    </ClInclude>
    <ClInclude Include="src\Game\Level.h">
      <Filter>Game</Filter>
    </ClInclude>
    <ClInclude Include="src\GUI\Elements\Cursor.h">
      <Filter>GUI\Elements</Filter>
    </ClInclude>
    <ClInclude Include="src\GUI\Elements\CursorShapes.h">
      <Filter>GUI\Elements</Filter>
    </ClInclude>
    <ClInclude Include="src\GUI\Elements\DropDownListWithTextAndButton.h">
      <Filter>GUI\Elements</Filter>
    </ClInclude>
    <ClInclude Include="src\GUI\Elements\GovernorFloat.h">
      <Filter>GUI\Elements</Filter>
    </ClInclude>
    <ClInclude Include="src\GUI\Elements\Image.h">
      <Filter>GUI\Elements</Filter>
    </ClInclude>
    <ClInclude Include="src\GUI\Elements\Label.h">
      <Filter>GUI\Elements</Filter>
    </ClInclude>
    <ClInclude Include="src\GUI\Elements\Slider.h">
      <Filter>GUI\Elements</Filter>
    </ClInclude>
    <ClInclude Include="src\GUI\Elements\SliderInt.h">
      <Filter>GUI\Elements</Filter>
    </ClInclude>
    <ClInclude Include="src\GUI\Elements\SliderWithTextAndButtons.h">
      <Filter>GUI\Elements</Filter>
    </ClInclude>
    <ClInclude Include="src\GUI\Elements\Window.h">
      <Filter>GUI\Elements</Filter>
    </ClInclude>
    <ClInclude Include="src\GUI\Logic\LineTranslator1D.h">
      <Filter>GUI\Logic</Filter>
    </ClInclude>
    <ClInclude Include="src\GUI\Logic\LineTranslator2D.h">
      <Filter>GUI\Logic</Filter>
    </ClInclude>
    <ClInclude Include="src\GUI\Menu\Console.h">
      <Filter>GUI\Menu</Filter>
    </ClInclude>
    <ClInclude Include="src\GUI\Menu\ConsoleParser.h">
      <Filter>GUI\Menu</Filter>
    </ClInclude>
    <ClInclude Include="src\GUI\Menu\MenuMain.h">
      <Filter>GUI\Menu</Filter>
    </ClInclude>
    <ClInclude Include="src\GUI\Menu\MenuOptions.h">
      <Filter>GUI\Menu</Filter>
    </ClInclude>
    <ClInclude Include="src\GUI\Menu\WindowVariables.h">
      <Filter>GUI\Menu</Filter>
    </ClInclude>
    <ClInclude Include="src\GUI\GUI.h">
      <Filter>GUI</Filter>
    </ClInclude>
    <ClInclude Include="src\defines.h">
      <Filter>src</Filter>
    </ClInclude>
    <ClInclude Include="src\GlobalVars.h">
      <Filter>src</Filter>
    </ClInclude>
    <ClInclude Include="src\Settings.h">
      <Filter>src</Filter>
    </ClInclude>
    <ClInclude Include="src\SettingsTypes.h">
      <Filter>src</Filter>
    </ClInclude>
    <ClInclude Include="src\stdafx.h">
      <Filter>src</Filter>
    </ClInclude>
    <ClInclude Include="src\TacticsVictory.h">
      <Filter>src</Filter>
    </ClInclude>
    <ClInclude Include="src\TacticsVictoryHandlers.h">
      <Filter>src</Filter>
    </ClInclude>
    <ClInclude Include="src\GUI\Menu\PanelBottom.h">
      <Filter>GUI\Menu</Filter>
    </ClInclude>
    <ClInclude Include="src\GUI\Menu\PanelMain.h">
      <Filter>GUI\Menu</Filter>
    </ClInclude>
    <ClInclude Include="src\GUI\Menu\PanelMap.h">
      <Filter>GUI\Menu</Filter>
    </ClInclude>
    <ClInclude Include="src\Game\Objects\Terrain.h">
      <Filter>Game\Objects</Filter>
    </ClInclude>
    <ClInclude Include="src\GUI\Elements\ButtonToggled.h">
      <Filter>GUI\Elements</Filter>
    </ClInclude>
    <ClInclude Include="src\GUI\Elements\Tab.h">
      <Filter>GUI\Elements</Filter>
    </ClInclude>
    <ClInclude Include="src\GUI\Menu\MenuEvents.h">
      <Filter>GUI\Menu</Filter>
    </ClInclude>
    <ClInclude Include="src\GUI\GuiEditor\GuiEditor.h">
      <Filter>GUI\GuiEditor</Filter>
    </ClInclude>
    <ClInclude Include="src\GUI\GuiGame\GuiGame.h">
      <Filter>GUI\GuiGame</Filter>
    </ClInclude>
    <ClInclude Include="src\GUI\Elements\Hint.h">
      <Filter>GUI\Elements</Filter>
    </ClInclude>
    <ClInclude Include="src\GlobalFunctions.h">
      <Filter>src</Filter>
    </ClInclude>
    <ClInclude Include="src\GUI\Menu\WindowConfirmExit.h">
      <Filter>GUI\Menu</Filter>
    </ClInclude>
    <ClInclude Include="src\Game\Objects\TerrainSegment.h">
      <Filter>Game\Objects</Filter>
    </ClInclude>
    <ClInclude Include="src\Graphics\Objects\Line.h">
      <Filter>Graphics\Objects</Filter>
    </ClInclude>
    <ClInclude Include="src\Graphics\Objects\Plane.h">
      <Filter>Graphics\Objects</Filter>
    </ClInclude>
    <ClInclude Include="src\Graphics\Objects\Triangle.h">
      <Filter>Graphics\Objects</Filter>
    </ClInclude>
    <ClInclude Include="src\GUI\Elements\ButtonSwitch.h">
      <Filter>GUI\Elements</Filter>
    </ClInclude>
    <ClInclude Include="src\Game\Scene.h">
      <Filter>Game</Filter>
    </ClInclude>
    <ClInclude Include="src\Game\Path\TilePath.h">
      <Filter>Game\Path</Filter>
    </ClInclude>
    <ClInclude Include="src\GUI\Elements\ButtonMain.h">
      <Filter>GUI\Elements</Filter>
    </ClInclude>
    <ClInclude Include="src\Game\Path\WaveAlgorithm.h">
      <Filter>Game\Path</Filter>
    </ClInclude>
    <ClInclude Include="src\Game\Path\PathIndicator.h">
      <Filter>Game\Path</Filter>
    </ClInclude>
    <ClInclude Include="src\Game\Objects\GameObject.h">
      <Filter>Game\Objects</Filter>
    </ClInclude>
    <ClInclude Include="src\Game\Objects\Units\Tank\Tank.h">
      <Filter>Game\Objects\Units\Tank</Filter>
    </ClInclude>
    <ClInclude Include="src\Game\Objects\Units\Tank\Translator.h">
      <Filter>Game\Objects\Units\Tank</Filter>
    </ClInclude>
    <ClInclude Include="src\Game\Objects\Weapon\RocketLauncher\RocketLauncher.h">
      <Filter>Game\Objects\Weapon\RocketLauncer</Filter>
    </ClInclude>
    <ClInclude Include="src\Game\Objects\Weapon\AmmoEvents.h">
      <Filter>Game\Objects\Weapon</Filter>
    </ClInclude>
    <ClInclude Include="src\Game\Objects\Weapon\RocketLauncher\Rocket.h">
      <Filter>Game\Objects\Weapon\RocketLauncer</Filter>
    </ClInclude>
  </ItemGroup>
</Project>