
Microsoft Visual Studio Solution File, Format Version 12.00
# Visual Studio 14
VisualStudioVersion = 14.0.25420.1
MinimumVisualStudioVersion = 10.0.40219.1
Project("{8BC9CEB8-8B4A-11D0-8D11-00A0C91BC942}") = "TacticsVictory", "TacticsVictory.vcxproj", "{CF005F07-A6EE-42AE-ADD6-D9B6A45B6460}"
EndProject
Project("{8BC9CEB8-8B4A-11D0-8D11-00A0C91BC942}") = "Urho3D", "..\..\..\..\Urho3D-dbg\build\Source\Urho3D\Urho3D.vcxproj", "{23250E20-DBDC-3888-98B0-5DA5D66F272A}"
EndProject
Project("{8BC9CEB8-8B4A-11D0-8D11-00A0C91BC942}") = "AdditionalDependences", "..\AdditionalDependences\AdditionalDependences.vcxproj", "{7D2AAA5A-753F-432C-93B6-9C985E71EC64}"
EndProject
Global
	GlobalSection(SolutionConfigurationPlatforms) = preSolution
		Debug|x64 = Debug|x64
		Debug|x86 = Debug|x86
		DebugClient|x64 = DebugClient|x64
		DebugClient|x86 = DebugClient|x86
		DebugServer|x64 = DebugServer|x64
		DebugServer|x86 = DebugServer|x86
		MinSizeRel|x64 = MinSizeRel|x64
		MinSizeRel|x86 = MinSizeRel|x86
		Release|x64 = Release|x64
		Release|x86 = Release|x86
		RelWithDebInfo|x64 = RelWithDebInfo|x64
		RelWithDebInfo|x86 = RelWithDebInfo|x86
	EndGlobalSection
	GlobalSection(ProjectConfigurationPlatforms) = postSolution
		{CF005F07-A6EE-42AE-ADD6-D9B6A45B6460}.Debug|x64.ActiveCfg = DebugServer|x64
		{CF005F07-A6EE-42AE-ADD6-D9B6A45B6460}.Debug|x64.Build.0 = DebugServer|x64
		{CF005F07-A6EE-42AE-ADD6-D9B6A45B6460}.Debug|x86.ActiveCfg = RelWithDebInfo|x64
		{CF005F07-A6EE-42AE-ADD6-D9B6A45B6460}.Debug|x86.Build.0 = RelWithDebInfo|x64
		{CF005F07-A6EE-42AE-ADD6-D9B6A45B6460}.DebugClient|x64.ActiveCfg = DebugClient|x64
		{CF005F07-A6EE-42AE-ADD6-D9B6A45B6460}.DebugClient|x64.Build.0 = DebugClient|x64
		{CF005F07-A6EE-42AE-ADD6-D9B6A45B6460}.DebugClient|x86.ActiveCfg = DebugClient|x64
		{CF005F07-A6EE-42AE-ADD6-D9B6A45B6460}.DebugServer|x64.ActiveCfg = DebugServer|x64
		{CF005F07-A6EE-42AE-ADD6-D9B6A45B6460}.DebugServer|x64.Build.0 = DebugServer|x64
		{CF005F07-A6EE-42AE-ADD6-D9B6A45B6460}.DebugServer|x86.ActiveCfg = DebugServer|x64
		{CF005F07-A6EE-42AE-ADD6-D9B6A45B6460}.MinSizeRel|x64.ActiveCfg = MinSizeRel|x64
		{CF005F07-A6EE-42AE-ADD6-D9B6A45B6460}.MinSizeRel|x64.Build.0 = MinSizeRel|x64
		{CF005F07-A6EE-42AE-ADD6-D9B6A45B6460}.MinSizeRel|x86.ActiveCfg = MinSizeRel|x64
		{CF005F07-A6EE-42AE-ADD6-D9B6A45B6460}.Release|x64.ActiveCfg = Release|x64
		{CF005F07-A6EE-42AE-ADD6-D9B6A45B6460}.Release|x64.Build.0 = Release|x64
		{CF005F07-A6EE-42AE-ADD6-D9B6A45B6460}.Release|x86.ActiveCfg = Release|x64
		{CF005F07-A6EE-42AE-ADD6-D9B6A45B6460}.RelWithDebInfo|x64.ActiveCfg = RelWithDebInfo|x64
		{CF005F07-A6EE-42AE-ADD6-D9B6A45B6460}.RelWithDebInfo|x64.Build.0 = RelWithDebInfo|x64
		{CF005F07-A6EE-42AE-ADD6-D9B6A45B6460}.RelWithDebInfo|x86.ActiveCfg = RelWithDebInfo|x64
		{23250E20-DBDC-3888-98B0-5DA5D66F272A}.Debug|x64.ActiveCfg = Debug|x64
		{23250E20-DBDC-3888-98B0-5DA5D66F272A}.Debug|x64.Build.0 = Debug|x64
		{23250E20-DBDC-3888-98B0-5DA5D66F272A}.Debug|x86.ActiveCfg = Debug|x64
		{23250E20-DBDC-3888-98B0-5DA5D66F272A}.DebugClient|x64.ActiveCfg = Debug|x64
		{23250E20-DBDC-3888-98B0-5DA5D66F272A}.DebugClient|x86.ActiveCfg = RelWithDebInfo|x64
		{23250E20-DBDC-3888-98B0-5DA5D66F272A}.DebugClient|x86.Build.0 = RelWithDebInfo|x64
		{23250E20-DBDC-3888-98B0-5DA5D66F272A}.DebugServer|x64.ActiveCfg = Debug|x64
		{23250E20-DBDC-3888-98B0-5DA5D66F272A}.DebugServer|x86.ActiveCfg = RelWithDebInfo|x64
		{23250E20-DBDC-3888-98B0-5DA5D66F272A}.DebugServer|x86.Build.0 = RelWithDebInfo|x64
		{23250E20-DBDC-3888-98B0-5DA5D66F272A}.MinSizeRel|x64.ActiveCfg = Release|x64
		{23250E20-DBDC-3888-98B0-5DA5D66F272A}.MinSizeRel|x64.Build.0 = Release|x64
		{23250E20-DBDC-3888-98B0-5DA5D66F272A}.MinSizeRel|x86.ActiveCfg = RelWithDebInfo|x64
		{23250E20-DBDC-3888-98B0-5DA5D66F272A}.MinSizeRel|x86.Build.0 = RelWithDebInfo|x64
		{23250E20-DBDC-3888-98B0-5DA5D66F272A}.Release|x64.ActiveCfg = Release|x64
		{23250E20-DBDC-3888-98B0-5DA5D66F272A}.Release|x64.Build.0 = Release|x64
		{23250E20-DBDC-3888-98B0-5DA5D66F272A}.Release|x86.ActiveCfg = Release|x64
		{23250E20-DBDC-3888-98B0-5DA5D66F272A}.RelWithDebInfo|x64.ActiveCfg = RelWithDebInfo|x64
		{23250E20-DBDC-3888-98B0-5DA5D66F272A}.RelWithDebInfo|x64.Build.0 = RelWithDebInfo|x64
		{23250E20-DBDC-3888-98B0-5DA5D66F272A}.RelWithDebInfo|x86.ActiveCfg = RelWithDebInfo|x64
		{7D2AAA5A-753F-432C-93B6-9C985E71EC64}.Debug|x64.ActiveCfg = Debug|x64
		{7D2AAA5A-753F-432C-93B6-9C985E71EC64}.Debug|x64.Build.0 = Debug|x64
		{7D2AAA5A-753F-432C-93B6-9C985E71EC64}.Debug|x86.ActiveCfg = Debug|Win32
		{7D2AAA5A-753F-432C-93B6-9C985E71EC64}.Debug|x86.Build.0 = Debug|Win32
		{7D2AAA5A-753F-432C-93B6-9C985E71EC64}.DebugClient|x64.ActiveCfg = Debug|x64
		{7D2AAA5A-753F-432C-93B6-9C985E71EC64}.DebugClient|x64.Build.0 = Debug|x64
		{7D2AAA5A-753F-432C-93B6-9C985E71EC64}.DebugClient|x86.ActiveCfg = Debug|Win32
		{7D2AAA5A-753F-432C-93B6-9C985E71EC64}.DebugClient|x86.Build.0 = Debug|Win32
		{7D2AAA5A-753F-432C-93B6-9C985E71EC64}.DebugServer|x64.ActiveCfg = Debug|x64
		{7D2AAA5A-753F-432C-93B6-9C985E71EC64}.DebugServer|x64.Build.0 = Debug|x64
		{7D2AAA5A-753F-432C-93B6-9C985E71EC64}.DebugServer|x86.ActiveCfg = Debug|Win32
		{7D2AAA5A-753F-432C-93B6-9C985E71EC64}.DebugServer|x86.Build.0 = Debug|Win32
		{7D2AAA5A-753F-432C-93B6-9C985E71EC64}.MinSizeRel|x64.ActiveCfg = Release|x64
		{7D2AAA5A-753F-432C-93B6-9C985E71EC64}.MinSizeRel|x64.Build.0 = Release|x64
		{7D2AAA5A-753F-432C-93B6-9C985E71EC64}.MinSizeRel|x86.ActiveCfg = Release|Win32
		{7D2AAA5A-753F-432C-93B6-9C985E71EC64}.MinSizeRel|x86.Build.0 = Release|Win32
		{7D2AAA5A-753F-432C-93B6-9C985E71EC64}.Release|x64.ActiveCfg = Release|x64
		{7D2AAA5A-753F-432C-93B6-9C985E71EC64}.Release|x64.Build.0 = Release|x64
		{7D2AAA5A-753F-432C-93B6-9C985E71EC64}.Release|x86.ActiveCfg = Release|Win32
		{7D2AAA5A-753F-432C-93B6-9C985E71EC64}.Release|x86.Build.0 = Release|Win32
		{7D2AAA5A-753F-432C-93B6-9C985E71EC64}.RelWithDebInfo|x64.ActiveCfg = Release|x64
		{7D2AAA5A-753F-432C-93B6-9C985E71EC64}.RelWithDebInfo|x64.Build.0 = Release|x64
		{7D2AAA5A-753F-432C-93B6-9C985E71EC64}.RelWithDebInfo|x86.ActiveCfg = Release|Win32
		{7D2AAA5A-753F-432C-93B6-9C985E71EC64}.RelWithDebInfo|x86.Build.0 = Release|Win32
	EndGlobalSection
	GlobalSection(SolutionProperties) = preSolution
		HideSolutionNode = FALSE
	EndGlobalSection
EndGlobal
