<?xml version="1.0" encoding="Windows-1252"?>
<Project ToolsVersion="12.0" xmlns="http://schemas.microsoft.com/developer/msbuild/2003">
  <ItemGroup>
    <Filter Include="Core">
      <UniqueIdentifier>{aefe52c5-5e5d-4b3c-907c-9135ea69ff52}</UniqueIdentifier>
    </Filter>
    <Filter Include="Editor">
      <UniqueIdentifier>{852fa7b2-2495-4c9e-a86d-6179221f664a}</UniqueIdentifier>
    </Filter>
    <Filter Include="Game">
      <UniqueIdentifier>{25e846e1-383e-45f1-ba67-2cabaee29e55}</UniqueIdentifier>
    </Filter>
    <Filter Include="GUI">
      <UniqueIdentifier>{9861c149-92c0-4a12-97f7-a91535dc54bc}</UniqueIdentifier>
    </Filter>
    <Filter Include="src">
      <UniqueIdentifier>{b058d452-c8aa-497f-b9b5-3af7f008806d}</UniqueIdentifier>
    </Filter>
    <Filter Include="Game\Logic">
      <UniqueIdentifier>{6e6c5bff-a767-4771-9d86-3fdddb722a1b}</UniqueIdentifier>
    </Filter>
    <Filter Include="Game\Objects">
      <UniqueIdentifier>{4b3d6648-6863-4bd9-921e-0d5a51257e09}</UniqueIdentifier>
    </Filter>
    <Filter Include="GUI\Logic">
      <UniqueIdentifier>{613f17d7-b447-44ed-a03d-d85e3c4dd4c4}</UniqueIdentifier>
    </Filter>
    <Filter Include="GUI\Menu">
      <UniqueIdentifier>{d59d81ce-e79a-4ceb-97b2-8ee04f28064d}</UniqueIdentifier>
    </Filter>
    <Filter Include="GUI\GuiEditor">
      <UniqueIdentifier>{68b3d7bd-e4e3-495b-8196-ae51b4c67593}</UniqueIdentifier>
    </Filter>
    <Filter Include="GUI\GuiGame">
      <UniqueIdentifier>{6e57eb6d-acd4-4580-b878-0bc53db797e0}</UniqueIdentifier>
    </Filter>
    <Filter Include="Graphics">
      <UniqueIdentifier>{8ceb9ef6-a411-44c2-a209-a4782c289b58}</UniqueIdentifier>
    </Filter>
    <Filter Include="Graphics\Objects">
      <UniqueIdentifier>{4dabc02e-8c79-4e84-a0c9-ab30752f19f9}</UniqueIdentifier>
    </Filter>
    <Filter Include="Game\Path">
      <UniqueIdentifier>{d95f9b66-18c2-4dec-88bd-11fee010c993}</UniqueIdentifier>
    </Filter>
    <Filter Include="Game\Objects\Units">
      <UniqueIdentifier>{ded62c8b-f8d0-4423-9aa6-cdc2ea58c406}</UniqueIdentifier>
    </Filter>
    <Filter Include="Game\Objects\Units\Tank">
      <UniqueIdentifier>{263b193a-40aa-44b1-a2e4-52679ac1790c}</UniqueIdentifier>
    </Filter>
    <Filter Include="Game\Objects\Units\Builder">
      <UniqueIdentifier>{f0546ca5-0f4e-43ee-9f82-42abeb40bbb6}</UniqueIdentifier>
    </Filter>
    <Filter Include="Game\Objects\Units\Airplane">
      <UniqueIdentifier>{050a9365-35fc-4f67-9478-7b5fd09d5d36}</UniqueIdentifier>
    </Filter>
    <Filter Include="Game\Objects\Units\Bomber">
      <UniqueIdentifier>{8e7902a8-d75f-45c3-8ffe-708e98bb81ce}</UniqueIdentifier>
    </Filter>
    <Filter Include="Game\Objects\Units\Helicopter">
      <UniqueIdentifier>{1b3823ad-f651-43f2-b62c-cc2d70f6bfac}</UniqueIdentifier>
    </Filter>
    <Filter Include="Game\Objects\Units\Robot">
      <UniqueIdentifier>{506a198e-41b1-474d-92b3-716d6e391940}</UniqueIdentifier>
    </Filter>
    <Filter Include="Game\Objects\Units\SupplierAmmo">
      <UniqueIdentifier>{5b0c70fb-9b3a-4737-8328-8baa318d8cd0}</UniqueIdentifier>
    </Filter>
    <Filter Include="Game\Objects\Ammo">
      <UniqueIdentifier>{2965d754-a5fe-4125-88d6-44632b2bd867}</UniqueIdentifier>
    </Filter>
    <Filter Include="Game\Objects\Ammo\AirBomb">
      <UniqueIdentifier>{38e6f7d3-d55b-405f-813f-8a2f9850f208}</UniqueIdentifier>
    </Filter>
    <Filter Include="Game\Objects\Ammo\RollingBomb">
      <UniqueIdentifier>{cf2498c0-8710-4d2a-90e5-455dc5386753}</UniqueIdentifier>
    </Filter>
    <Filter Include="Game\Objects\Ammo\Rocket">
      <UniqueIdentifier>{2041500f-22dc-4b7c-8217-5fda172d1b01}</UniqueIdentifier>
    </Filter>
    <Filter Include="Game\Objects\Ammo\Grenade">
      <UniqueIdentifier>{e553ef4a-4c7e-4624-893a-f528f576d4f1}</UniqueIdentifier>
    </Filter>
    <Filter Include="Game\Objects\Ammo\Mine">
      <UniqueIdentifier>{02606e62-e21b-43bb-aec6-20031e25d314}</UniqueIdentifier>
    </Filter>
    <Filter Include="Game\Objects\Building">
      <UniqueIdentifier>{c2c10123-8550-48df-93ab-3d39c62fc0da}</UniqueIdentifier>
    </Filter>
    <Filter Include="Game\Objects\Building\CivilPlant">
      <UniqueIdentifier>{23c69b81-14f1-40a5-875c-7be58099174b}</UniqueIdentifier>
    </Filter>
    <Filter Include="Game\Objects\Building\MilitaryPlant">
      <UniqueIdentifier>{0575cc6f-780d-4cd3-9f70-337a5ef4ee08}</UniqueIdentifier>
    </Filter>
    <Filter Include="Game\Objects\Building\PowerPlant">
      <UniqueIdentifier>{1b6460ce-3c41-4118-a335-609b37c5ef06}</UniqueIdentifier>
    </Filter>
    <Filter Include="Game\Objects\Building\ProcessingPlant">
      <UniqueIdentifier>{f34b812f-f138-493a-8fdb-b8b106b15705}</UniqueIdentifier>
    </Filter>
    <Filter Include="Game\Objects\Building\Shaft">
      <UniqueIdentifier>{726e963d-d42e-44a7-8cc9-50700c323e51}</UniqueIdentifier>
    </Filter>
    <Filter Include="Game\Objects\Building\WarehouseAmmo">
      <UniqueIdentifier>{edc8f9ce-d0a2-408a-8f63-445da85625aa}</UniqueIdentifier>
    </Filter>
    <Filter Include="Game\Objects\Terrain">
      <UniqueIdentifier>{04ebc781-8977-47bb-a013-0ecf566abc69}</UniqueIdentifier>
    </Filter>
    <Filter Include="Game\Objects\Weapons">
      <UniqueIdentifier>{a0fa9639-ca9d-4189-9139-5a6018bebd9e}</UniqueIdentifier>
    </Filter>
    <Filter Include="Game\Objects\Weapons\RocketLauncer">
      <UniqueIdentifier>{fcd0f500-62d1-4d44-b54c-e1cbb28b4313}</UniqueIdentifier>
    </Filter>
    <Filter Include="Game\Objects\Weapons\GrenadeLauncher">
      <UniqueIdentifier>{0db4d0fa-ac1c-4bf5-8d90-5e7954e95fd0}</UniqueIdentifier>
    </Filter>
    <Filter Include="Game\Objects\Weapons\MachineGun">
      <UniqueIdentifier>{5d47e502-47a0-47fc-a2ca-be4cdcbe1703}</UniqueIdentifier>
    </Filter>
    <Filter Include="Game\Objects\Weapons\Laser">
      <UniqueIdentifier>{82f645d0-859b-4d04-8185-0b86d6905227}</UniqueIdentifier>
    </Filter>
    <Filter Include="Game\Objects\Weapons\Gun">
      <UniqueIdentifier>{6cfa45cd-4121-4e23-8a03-7eaaf96cf412}</UniqueIdentifier>
    </Filter>
    <Filter Include="Graphics\2D">
      <UniqueIdentifier>{2ede7136-5653-4b03-a036-236546750cc5}</UniqueIdentifier>
    </Filter>
    <Filter Include="GUI\Controls">
      <UniqueIdentifier>{c357de07-7c09-40cf-8a31-311276eeb0a8}</UniqueIdentifier>
    </Filter>
    <Filter Include="GUI\Windows">
      <UniqueIdentifier>{ff4fce4a-0bfa-4b8e-8385-5ec3e807df01}</UniqueIdentifier>
    </Filter>
    <Filter Include="GUI\Panels">
      <UniqueIdentifier>{8dc0528d-9989-4ded-8fdf-9624206487d0}</UniqueIdentifier>
    </Filter>
  </ItemGroup>
  <ItemGroup>
    <ClCompile Include="src\Core\Camera.cpp">
      <Filter>Core</Filter>
    </ClCompile>
    <ClCompile Include="src\Core\Log.cpp">
      <Filter>Core</Filter>
    </ClCompile>
    <ClCompile Include="src\Core\Math.cpp">
      <Filter>Core</Filter>
    </ClCompile>
    <ClCompile Include="src\Editor\Editor.cpp">
      <Filter>Editor</Filter>
    </ClCompile>
    <ClCompile Include="src\Game\Logic\Movinator.cpp">
      <Filter>Game\Logic</Filter>
    </ClCompile>
    <ClCompile Include="src\Game\Logic\Rotator.cpp">
      <Filter>Game\Logic</Filter>
    </ClCompile>
    <ClCompile Include="src\Game\Level.cpp">
      <Filter>Game</Filter>
    </ClCompile>
    <ClCompile Include="src\GUI\Logic\LineTranslator1D.cpp">
      <Filter>GUI\Logic</Filter>
    </ClCompile>
    <ClCompile Include="src\GUI\Logic\LineTranslator2D.cpp">
      <Filter>GUI\Logic</Filter>
    </ClCompile>
    <ClCompile Include="src\GUI\Menu\MenuMain.cpp">
      <Filter>GUI\Menu</Filter>
    </ClCompile>
    <ClCompile Include="src\GUI\Menu\MenuOptions.cpp">
      <Filter>GUI\Menu</Filter>
    </ClCompile>
    <ClCompile Include="src\GUI\GUI.cpp">
      <Filter>GUI</Filter>
    </ClCompile>
    <ClCompile Include="src\GlobalVars.cpp">
      <Filter>src</Filter>
    </ClCompile>
    <ClCompile Include="src\Settings.cpp">
      <Filter>src</Filter>
    </ClCompile>
    <ClCompile Include="src\SettingsTypes.cpp">
      <Filter>src</Filter>
    </ClCompile>
    <ClCompile Include="src\stdafx.cpp">
      <Filter>src</Filter>
    </ClCompile>
    <ClCompile Include="src\TacticsVictory.cpp">
      <Filter>src</Filter>
    </ClCompile>
    <ClCompile Include="src\TacticsVictoryHandlers.cpp">
      <Filter>src</Filter>
    </ClCompile>
    <ClCompile Include="src\GUI\GuiEditor\GuiEditor.cpp">
      <Filter>GUI\GuiEditor</Filter>
    </ClCompile>
    <ClCompile Include="src\GUI\GuiGame\GuiGame.cpp">
      <Filter>GUI\GuiGame</Filter>
    </ClCompile>
    <ClCompile Include="src\GlobalFunctions.cpp">
      <Filter>src</Filter>
    </ClCompile>
    <ClCompile Include="src\Graphics\Objects\Line.cpp">
      <Filter>Graphics\Objects</Filter>
    </ClCompile>
    <ClCompile Include="src\Graphics\Objects\Plane.cpp">
      <Filter>Graphics\Objects</Filter>
    </ClCompile>
    <ClCompile Include="src\Graphics\Objects\Triangle.cpp">
      <Filter>Graphics\Objects</Filter>
    </ClCompile>
    <ClCompile Include="src\Game\Scene.cpp">
      <Filter>Game</Filter>
    </ClCompile>
    <ClCompile Include="src\Game\Path\TilePath.cpp">
      <Filter>Game\Path</Filter>
    </ClCompile>
    <ClCompile Include="src\Game\Path\WaveAlgorithm.cpp">
      <Filter>Game\Path</Filter>
    </ClCompile>
    <ClCompile Include="src\Game\Path\PathIndicator.cpp">
      <Filter>Game\Path</Filter>
    </ClCompile>
    <ClCompile Include="src\Game\Objects\GameObject.cpp">
      <Filter>Game\Objects</Filter>
    </ClCompile>
    <ClCompile Include="src\Game\Objects\Units\Tank\Tank.cpp">
      <Filter>Game\Objects\Units\Tank</Filter>
    </ClCompile>
    <ClCompile Include="src\Game\Objects\Units\Tank\Translator.cpp">
      <Filter>Game\Objects\Units\Tank</Filter>
    </ClCompile>
    <ClCompile Include="src\Game\Sounds.cpp">
      <Filter>Game</Filter>
    </ClCompile>
    <ClCompile Include="src\Game\Particles.cpp">
      <Filter>Game</Filter>
    </ClCompile>
    <ClCompile Include="src\Game\Objects\Units\Airplane\Airplane.cpp">
      <Filter>Game\Objects\Units\Airplane</Filter>
    </ClCompile>
    <ClCompile Include="src\Game\Objects\Units\Builder\Builder.cpp">
      <Filter>Game\Objects\Units\Builder</Filter>
    </ClCompile>
    <ClCompile Include="src\Game\Objects\Buildings\CivilPlant\CivilPlant.cpp">
      <Filter>Game\Objects\Building\CivilPlant</Filter>
    </ClCompile>
    <ClCompile Include="src\Game\Objects\Buildings\MilitaryPlant\MilitaryPlant.cpp">
      <Filter>Game\Objects\Building\MilitaryPlant</Filter>
    </ClCompile>
    <ClCompile Include="src\GUI\GuiGame\WindowTarget.cpp">
      <Filter>GUI\GuiGame</Filter>
    </ClCompile>
    <ClCompile Include="src\Game\Objects\Ammo\Rocket\Rocket.cpp">
      <Filter>Game\Objects\Ammo\Rocket</Filter>
    </ClCompile>
    <ClCompile Include="src\Game\Objects\Buildings\BuildingObject.cpp">
      <Filter>Game\Objects\Building</Filter>
    </ClCompile>
    <ClCompile Include="src\Game\Objects\Weapons\MachineGun\MachineGun.cpp">
      <Filter>Game\Objects\Weapons\MachineGun</Filter>
    </ClCompile>
    <ClCompile Include="src\Game\Objects\Weapons\GrenadeLauncher\GrenadeLauncher.cpp">
      <Filter>Game\Objects\Weapons\GrenadeLauncher</Filter>
    </ClCompile>
    <ClCompile Include="src\Game\Objects\Weapons\RocketLauncher\RocketLauncher.cpp">
      <Filter>Game\Objects\Weapons\RocketLauncer</Filter>
    </ClCompile>
    <ClCompile Include="src\Game\Objects\Buildings\WarehouseAmmo\WarehouseAmmo.cpp">
      <Filter>Game\Objects\Building\WarehouseAmmo</Filter>
    </ClCompile>
    <ClCompile Include="src\Game\Objects\Buildings\Shaft\Shaft.cpp">
      <Filter>Game\Objects\Building\Shaft</Filter>
    </ClCompile>
    <ClCompile Include="src\Game\Objects\Buildings\ProcessingPlant\ProcessingPlant.cpp">
      <Filter>Game\Objects\Building\ProcessingPlant</Filter>
    </ClCompile>
    <ClCompile Include="src\Game\Objects\Buildings\PowerPlant\PowerPlant.cpp">
      <Filter>Game\Objects\Building\PowerPlant</Filter>
    </ClCompile>
    <ClCompile Include="src\Game\Objects\Ammo\AmmoObject.cpp">
      <Filter>Game\Objects\Ammo</Filter>
    </ClCompile>
    <ClCompile Include="src\Game\Objects\Ammo\AirBomb\AirBomb.cpp">
      <Filter>Game\Objects\Ammo\AirBomb</Filter>
    </ClCompile>
    <ClCompile Include="src\Game\Objects\Ammo\Grenade\Grenade.cpp">
      <Filter>Game\Objects\Ammo\Grenade</Filter>
    </ClCompile>
    <ClCompile Include="src\Game\Objects\Ammo\Mine\Mine.cpp">
      <Filter>Game\Objects\Ammo\Mine</Filter>
    </ClCompile>
    <ClCompile Include="src\Game\Objects\Ammo\RollingBomb\RollingBomb.cpp">
      <Filter>Game\Objects\Ammo\RollingBomb</Filter>
    </ClCompile>
    <ClCompile Include="src\Game\Objects\Units\UnitObject.cpp">
      <Filter>Game\Objects\Units</Filter>
    </ClCompile>
    <ClCompile Include="src\Game\Objects\Units\Bomber\Bomber.cpp">
      <Filter>Game\Objects\Units\Bomber</Filter>
    </ClCompile>
    <ClCompile Include="src\Game\Objects\Units\Helicopter\Helicopter.cpp">
      <Filter>Game\Objects\Units\Helicopter</Filter>
    </ClCompile>
    <ClCompile Include="src\Game\Objects\Units\SupplierAmmo\SupplierAmmo.cpp">
      <Filter>Game\Objects\Units\SupplierAmmo</Filter>
    </ClCompile>
    <ClCompile Include="src\Game\Objects\Units\Robot\Robot.cpp">
      <Filter>Game\Objects\Units\Robot</Filter>
    </ClCompile>
    <ClCompile Include="src\Game\Objects\Weapons\WeaponObject.cpp">
      <Filter>Game\Objects\Weapons</Filter>
    </ClCompile>
    <ClCompile Include="src\Game\Objects\Weapons\Gun\Gun.cpp">
      <Filter>Game\Objects\Weapons\Gun</Filter>
    </ClCompile>
    <ClCompile Include="src\Game\Objects\Weapons\Laser\Laser.cpp">
      <Filter>Game\Objects\Weapons\Laser</Filter>
    </ClCompile>
    <ClCompile Include="src\GUI\GuiGame\ContextMenuUnit.cpp">
      <Filter>GUI\GuiGame</Filter>
    </ClCompile>
    <ClCompile Include="src\Core\Structures.cpp">
      <Filter>Core</Filter>
    </ClCompile>
    <ClCompile Include="src\Game\Objects\Terrain\CornerCube.cpp">
      <Filter>Game\Objects\Terrain</Filter>
    </ClCompile>
    <ClCompile Include="src\Game\Objects\Terrain\EdgeCube.cpp">
      <Filter>Game\Objects\Terrain</Filter>
    </ClCompile>
    <ClCompile Include="src\Game\Objects\Terrain\PlaneCube.cpp">
      <Filter>Game\Objects\Terrain</Filter>
    </ClCompile>
    <ClCompile Include="src\Game\Objects\Terrain\SideCube.cpp">
      <Filter>Game\Objects\Terrain</Filter>
    </ClCompile>
    <ClCompile Include="src\Game\Objects\Terrain\CubeTerrain.cpp">
      <Filter>Game\Objects\Terrain</Filter>
    </ClCompile>
    <ClCompile Include="src\Game\Objects\Terrain\Terrain.cpp">
      <Filter>Game\Objects\Terrain</Filter>
    </ClCompile>
    <ClCompile Include="src\Game\Objects\Terrain\LayerTerrain.cpp">
      <Filter>Game\Objects\Terrain</Filter>
    </ClCompile>
    <ClCompile Include="src\Game\Objects\Terrain\SegmentTerrain.cpp">
      <Filter>Game\Objects\Terrain</Filter>
    </ClCompile>
    <ClCompile Include="src\GUI\Controls\Button.cpp">
      <Filter>GUI\Controls</Filter>
    </ClCompile>
    <ClCompile Include="src\GUI\Controls\ButtonSwitch.cpp">
      <Filter>GUI\Controls</Filter>
    </ClCompile>
    <ClCompile Include="src\GUI\Controls\Label.cpp">
      <Filter>GUI\Controls</Filter>
    </ClCompile>
    <ClCompile Include="src\GUI\Controls\Window.cpp">
      <Filter>GUI\Controls</Filter>
    </ClCompile>
    <ClCompile Include="src\GUI\Controls\Hint.cpp">
      <Filter>GUI\Controls</Filter>
    </ClCompile>
    <ClCompile Include="src\GUI\Controls\ButtonToggled.cpp">
      <Filter>GUI\Controls</Filter>
    </ClCompile>
    <ClCompile Include="src\Graphics\2D\Image.cpp">
      <Filter>Graphics\2D</Filter>
    </ClCompile>
    <ClCompile Include="src\GUI\Controls\DropDownListWithTextAndButton.cpp">
      <Filter>GUI\Controls</Filter>
    </ClCompile>
    <ClCompile Include="src\GUI\Controls\GovernorFloat.cpp">
      <Filter>GUI\Controls</Filter>
    </ClCompile>
    <ClCompile Include="src\GUI\Controls\Slider.cpp">
      <Filter>GUI\Controls</Filter>
    </ClCompile>
    <ClCompile Include="src\GUI\Controls\SliderInt.cpp">
      <Filter>GUI\Controls</Filter>
    </ClCompile>
    <ClCompile Include="src\GUI\Controls\SliderWithTextAndButtons.cpp">
      <Filter>GUI\Controls</Filter>
    </ClCompile>
    <ClCompile Include="src\GUI\Controls\Tab.cpp">
      <Filter>GUI\Controls</Filter>
    </ClCompile>
    <ClCompile Include="src\GUI\Cursor.cpp">
      <Filter>GUI</Filter>
    </ClCompile>
    <ClCompile Include="src\GUI\Panels\PanelBottom.cpp">
      <Filter>GUI\Panels</Filter>
    </ClCompile>
    <ClCompile Include="src\GUI\Panels\PanelMain.cpp">
      <Filter>GUI\Panels</Filter>
    </ClCompile>
    <ClCompile Include="src\GUI\Panels\PanelMap.cpp">
      <Filter>GUI\Panels</Filter>
    </ClCompile>
    <ClCompile Include="src\GUI\Windows\Console.cpp">
      <Filter>GUI\Windows</Filter>
    </ClCompile>
    <ClCompile Include="src\GUI\Windows\ConsoleParser.cpp">
      <Filter>GUI\Windows</Filter>
    </ClCompile>
    <ClCompile Include="src\GUI\Windows\WindowVariables.cpp">
      <Filter>GUI\Windows</Filter>
    </ClCompile>
    <ClCompile Include="src\GUI\Menu\MenuAboutMe.cpp">
      <Filter>GUI\Menu</Filter>
    </ClCompile>
    <ClCompile Include="src\GUI\Menu\MenuConfirmExit.cpp">
      <Filter>GUI\Menu</Filter>
    </ClCompile>
    <ClCompile Include="src\GUI\Menu\MenuStart.cpp">
      <Filter>GUI\Menu</Filter>
    </ClCompile>
  </ItemGroup>
  <ItemGroup>
    <ClInclude Include="src\Core\Camera.h">
      <Filter>Core</Filter>
    </ClInclude>
    <ClInclude Include="src\Core\Log.h">
      <Filter>Core</Filter>
    </ClInclude>
    <ClInclude Include="src\Core\Math.h">
      <Filter>Core</Filter>
    </ClInclude>
    <ClInclude Include="src\Editor\Editor.h">
      <Filter>Editor</Filter>
    </ClInclude>
    <ClInclude Include="src\Game\Logic\Movinator.h">
      <Filter>Game\Logic</Filter>
    </ClInclude>
    <ClInclude Include="src\Game\Logic\Rotator.h">
      <Filter>Game\Logic</Filter>
    </ClInclude>
    <ClInclude Include="src\Game\Level.h">
      <Filter>Game</Filter>
    </ClInclude>
    <ClInclude Include="src\GUI\Logic\LineTranslator1D.h">
      <Filter>GUI\Logic</Filter>
    </ClInclude>
    <ClInclude Include="src\GUI\Logic\LineTranslator2D.h">
      <Filter>GUI\Logic</Filter>
    </ClInclude>
    <ClInclude Include="src\GUI\Menu\MenuMain.h">
      <Filter>GUI\Menu</Filter>
    </ClInclude>
    <ClInclude Include="src\GUI\Menu\MenuOptions.h">
      <Filter>GUI\Menu</Filter>
    </ClInclude>
    <ClInclude Include="src\GUI\GUI.h">
      <Filter>GUI</Filter>
    </ClInclude>
    <ClInclude Include="src\defines.h">
      <Filter>src</Filter>
    </ClInclude>
    <ClInclude Include="src\GlobalVars.h">
      <Filter>src</Filter>
    </ClInclude>
    <ClInclude Include="src\Settings.h">
      <Filter>src</Filter>
    </ClInclude>
    <ClInclude Include="src\SettingsTypes.h">
      <Filter>src</Filter>
    </ClInclude>
    <ClInclude Include="src\stdafx.h">
      <Filter>src</Filter>
    </ClInclude>
    <ClInclude Include="src\TacticsVictory.h">
      <Filter>src</Filter>
    </ClInclude>
    <ClInclude Include="src\GUI\Menu\MenuEvents.h">
      <Filter>GUI\Menu</Filter>
    </ClInclude>
    <ClInclude Include="src\GUI\GuiEditor\GuiEditor.h">
      <Filter>GUI\GuiEditor</Filter>
    </ClInclude>
    <ClInclude Include="src\GUI\GuiGame\GuiGame.h">
      <Filter>GUI\GuiGame</Filter>
    </ClInclude>
    <ClInclude Include="src\GlobalFunctions.h">
      <Filter>src</Filter>
    </ClInclude>
    <ClInclude Include="src\Graphics\Objects\Line.h">
      <Filter>Graphics\Objects</Filter>
    </ClInclude>
    <ClInclude Include="src\Graphics\Objects\Plane.h">
      <Filter>Graphics\Objects</Filter>
    </ClInclude>
    <ClInclude Include="src\Graphics\Objects\Triangle.h">
      <Filter>Graphics\Objects</Filter>
    </ClInclude>
    <ClInclude Include="src\Game\Scene.h">
      <Filter>Game</Filter>
    </ClInclude>
    <ClInclude Include="src\Game\Path\TilePath.h">
      <Filter>Game\Path</Filter>
    </ClInclude>
    <ClInclude Include="src\Game\Path\WaveAlgorithm.h">
      <Filter>Game\Path</Filter>
    </ClInclude>
    <ClInclude Include="src\Game\Path\PathIndicator.h">
      <Filter>Game\Path</Filter>
    </ClInclude>
    <ClInclude Include="src\Game\Objects\GameObject.h">
      <Filter>Game\Objects</Filter>
    </ClInclude>
    <ClInclude Include="src\Game\Objects\Units\Tank\Tank.h">
      <Filter>Game\Objects\Units\Tank</Filter>
    </ClInclude>
    <ClInclude Include="src\Game\Objects\Units\Tank\Translator.h">
      <Filter>Game\Objects\Units\Tank</Filter>
    </ClInclude>
    <ClInclude Include="src\Game\Sounds.h">
      <Filter>Game</Filter>
    </ClInclude>
    <ClInclude Include="src\Game\Particles.h">
      <Filter>Game</Filter>
    </ClInclude>
    <ClInclude Include="src\Game\Objects\Units\Airplane\Airplane.h">
      <Filter>Game\Objects\Units\Airplane</Filter>
    </ClInclude>
    <ClInclude Include="src\Game\Objects\Units\Builder\Builder.h">
      <Filter>Game\Objects\Units\Builder</Filter>
    </ClInclude>
    <ClInclude Include="src\Game\Objects\Buildings\CivilPlant\CivilPlant.h">
      <Filter>Game\Objects\Building\CivilPlant</Filter>
    </ClInclude>
    <ClInclude Include="src\Game\Objects\Buildings\MilitaryPlant\MilitaryPlant.h">
      <Filter>Game\Objects\Building\MilitaryPlant</Filter>
    </ClInclude>
    <ClInclude Include="src\GUI\GuiGame\WindowTarget.h">
      <Filter>GUI\GuiGame</Filter>
    </ClInclude>
    <ClInclude Include="src\Game\Objects\GameObjectEvents.h">
      <Filter>Game\Objects</Filter>
    </ClInclude>
    <ClInclude Include="src\Game\Objects\Ammo\Rocket\Rocket.h">
      <Filter>Game\Objects\Ammo\Rocket</Filter>
    </ClInclude>
    <ClInclude Include="src\Game\Objects\Buildings\BuildingObject.h">
      <Filter>Game\Objects\Building</Filter>
    </ClInclude>
    <ClInclude Include="src\Game\Objects\Weapons\MachineGun\MachineGun.h">
      <Filter>Game\Objects\Weapons\MachineGun</Filter>
    </ClInclude>
    <ClInclude Include="src\Game\Objects\Weapons\GrenadeLauncher\GrenadeLauncher.h">
      <Filter>Game\Objects\Weapons\GrenadeLauncher</Filter>
    </ClInclude>
    <ClInclude Include="src\Game\Objects\Weapons\RocketLauncher\RocketLauncher.h">
      <Filter>Game\Objects\Weapons\RocketLauncer</Filter>
    </ClInclude>
    <ClInclude Include="src\Game\Objects\Buildings\WarehouseAmmo\WarehouseAmmo.h">
      <Filter>Game\Objects\Building\WarehouseAmmo</Filter>
    </ClInclude>
    <ClInclude Include="src\Game\Objects\Buildings\Shaft\Shaft.h">
      <Filter>Game\Objects\Building\Shaft</Filter>
    </ClInclude>
    <ClInclude Include="src\Game\Objects\Buildings\ProcessingPlant\ProcessinPlant.h">
      <Filter>Game\Objects\Building\ProcessingPlant</Filter>
    </ClInclude>
    <ClInclude Include="src\Game\Objects\Buildings\PowerPlant\PowerPlant.h">
      <Filter>Game\Objects\Building\PowerPlant</Filter>
    </ClInclude>
    <ClInclude Include="src\Game\Objects\Ammo\AmmoObject.h">
      <Filter>Game\Objects\Ammo</Filter>
    </ClInclude>
    <ClInclude Include="src\Game\Objects\Ammo\AirBomb\AirBomb.h">
      <Filter>Game\Objects\Ammo\AirBomb</Filter>
    </ClInclude>
    <ClInclude Include="src\Game\Objects\Ammo\Grenade\Grenade.h">
      <Filter>Game\Objects\Ammo\Grenade</Filter>
    </ClInclude>
    <ClInclude Include="src\Game\Objects\Ammo\Mine\Mine.h">
      <Filter>Game\Objects\Ammo\Mine</Filter>
    </ClInclude>
    <ClInclude Include="src\Game\Objects\Ammo\RollingBomb\RollingBomb.h">
      <Filter>Game\Objects\Ammo\RollingBomb</Filter>
    </ClInclude>
    <ClInclude Include="src\Game\Objects\Units\UnitObject.h">
      <Filter>Game\Objects\Units</Filter>
    </ClInclude>
    <ClInclude Include="src\Game\Objects\Units\Bomber\Bomber.h">
      <Filter>Game\Objects\Units\Bomber</Filter>
    </ClInclude>
    <ClInclude Include="src\Game\Objects\Units\Helicopter\Helicopter.h">
      <Filter>Game\Objects\Units\Helicopter</Filter>
    </ClInclude>
    <ClInclude Include="src\Game\Objects\Units\SupplierAmmo\SupplierAmmo.h">
      <Filter>Game\Objects\Units\SupplierAmmo</Filter>
    </ClInclude>
    <ClInclude Include="src\Game\Objects\Units\Robot\Robot.h">
      <Filter>Game\Objects\Units\Robot</Filter>
    </ClInclude>
    <ClInclude Include="src\Game\Objects\Weapons\WeaponObject.h">
      <Filter>Game\Objects\Weapons</Filter>
    </ClInclude>
    <ClInclude Include="src\Game\Objects\Weapons\Gun\Gun.h">
      <Filter>Game\Objects\Weapons\Gun</Filter>
    </ClInclude>
    <ClInclude Include="src\Game\Objects\Weapons\Laser\Laser.h">
      <Filter>Game\Objects\Weapons\Laser</Filter>
    </ClInclude>
    <ClInclude Include="src\GUI\GuiGame\ContextMenuUnit.h">
      <Filter>GUI\GuiGame</Filter>
    </ClInclude>
    <ClInclude Include="src\Core\Structures.h">
      <Filter>Core</Filter>
    </ClInclude>
    <ClInclude Include="src\Game\Objects\Terrain\CornerCube.h">
      <Filter>Game\Objects\Terrain</Filter>
    </ClInclude>
    <ClInclude Include="src\Game\Objects\Terrain\EdgeCube.h">
      <Filter>Game\Objects\Terrain</Filter>
    </ClInclude>
    <ClInclude Include="src\Game\Objects\Terrain\PlaneCube.h">
      <Filter>Game\Objects\Terrain</Filter>
    </ClInclude>
    <ClInclude Include="src\Game\Objects\Terrain\SideCube.h">
      <Filter>Game\Objects\Terrain</Filter>
    </ClInclude>
    <ClInclude Include="src\Game\Objects\Terrain\CubeTerrain.h">
      <Filter>Game\Objects\Terrain</Filter>
    </ClInclude>
    <ClInclude Include="src\Game\Objects\Terrain\Terrain.h">
      <Filter>Game\Objects\Terrain</Filter>
    </ClInclude>
    <ClInclude Include="src\Game\Objects\Terrain\LayerTerrain.h">
      <Filter>Game\Objects\Terrain</Filter>
    </ClInclude>
    <ClInclude Include="src\Game\Objects\Terrain\SegmentTerrain.h">
      <Filter>Game\Objects\Terrain</Filter>
    </ClInclude>
    <ClInclude Include="src\GUI\Controls\Button.h">
      <Filter>GUI\Controls</Filter>
    </ClInclude>
    <ClInclude Include="src\GUI\Controls\ButtonSwitch.h">
      <Filter>GUI\Controls</Filter>
    </ClInclude>
    <ClInclude Include="src\GUI\Controls\Label.h">
      <Filter>GUI\Controls</Filter>
    </ClInclude>
    <ClInclude Include="src\GUI\Controls\Window.h">
      <Filter>GUI\Controls</Filter>
    </ClInclude>
    <ClInclude Include="src\GUI\Controls\Hint.h">
      <Filter>GUI\Controls</Filter>
    </ClInclude>
    <ClInclude Include="src\GUI\Controls\ButtonToggled.h">
      <Filter>GUI\Controls</Filter>
    </ClInclude>
    <ClInclude Include="src\Graphics\2D\Image.h">
      <Filter>Graphics\2D</Filter>
    </ClInclude>
    <ClInclude Include="src\GUI\Controls\DropDownListWithTextAndButton.h">
      <Filter>GUI\Controls</Filter>
    </ClInclude>
    <ClInclude Include="src\GUI\Controls\GovernorFloat.h">
      <Filter>GUI\Controls</Filter>
    </ClInclude>
    <ClInclude Include="src\GUI\Controls\Slider.h">
      <Filter>GUI\Controls</Filter>
    </ClInclude>
    <ClInclude Include="src\GUI\Controls\SliderInt.h">
      <Filter>GUI\Controls</Filter>
    </ClInclude>
    <ClInclude Include="src\GUI\Controls\SliderWithTextAndButtons.h">
      <Filter>GUI\Controls</Filter>
    </ClInclude>
    <ClInclude Include="src\GUI\Controls\Tab.h">
      <Filter>GUI\Controls</Filter>
    </ClInclude>
    <ClInclude Include="src\GUI\Cursor.h">
      <Filter>GUI</Filter>
    </ClInclude>
    <ClInclude Include="src\GUI\Panels\PanelBottom.h">
      <Filter>GUI\Panels</Filter>
    </ClInclude>
    <ClInclude Include="src\GUI\Panels\PanelMain.h">
      <Filter>GUI\Panels</Filter>
    </ClInclude>
    <ClInclude Include="src\GUI\Panels\PanelMap.h">
      <Filter>GUI\Panels</Filter>
    </ClInclude>
    <ClInclude Include="src\GUI\Windows\Console.h">
      <Filter>GUI\Windows</Filter>
    </ClInclude>
    <ClInclude Include="src\GUI\Windows\ConsoleParser.h">
      <Filter>GUI\Windows</Filter>
    </ClInclude>
    <ClInclude Include="src\GUI\Windows\WindowVariables.h">
      <Filter>GUI\Windows</Filter>
    </ClInclude>
    <ClInclude Include="src\GUI\Menu\MenuAboutMe.h">
      <Filter>GUI\Menu</Filter>
    </ClInclude>
    <ClInclude Include="src\GUI\Menu\MenuConfirmExit.h">
      <Filter>GUI\Menu</Filter>
    </ClInclude>
    <ClInclude Include="src\GUI\Menu\MenuStart.h">
      <Filter>GUI\Menu</Filter>
    </ClInclude>
  </ItemGroup>
</Project>